
Microsoft Visual Studio Solution File, Format Version 12.00
# Visual Studio Version 17
VisualStudioVersion = 17.7.34003.232
MinimumVisualStudioVersion = 10.0.40219.1
Project("{FAE04EC0-301F-11D3-BF4B-00C04F79EFBC}") = "Sheenam.Api", "Sheenam.Api\Sheenam.Api.csproj", "{C10871DE-3DD2-400D-8026-990279BAA594}"
EndProject
Global
	GlobalSection(SolutionConfigurationPlatforms) = preSolution
		Debug|Any CPU = Debug|Any CPU
		Release|Any CPU = Release|Any CPU
	EndGlobalSection
	GlobalSection(ProjectConfigurationPlatforms) = postSolution
		{C10871DE-3DD2-400D-8026-990279BAA594}.Debug|Any CPU.ActiveCfg = Debug|Any CPU
		{C10871DE-3DD2-400D-8026-990279BAA594}.Debug|Any CPU.Build.0 = Debug|Any CPU
		{C10871DE-3DD2-400D-8026-990279BAA594}.Release|Any CPU.ActiveCfg = Release|Any CPU
		{C10871DE-3DD2-400D-8026-990279BAA594}.Release|Any CPU.Build.0 = Release|Any CPU
	EndGlobalSection
	GlobalSection(SolutionProperties) = preSolution
		HideSolutionNode = FALSE
	EndGlobalSection
	GlobalSection(ExtensibilityGlobals) = postSolution
		SolutionGuid = {ED589513-CA1D-46E1-B9FB-A8759AB35FEE}
	EndGlobalSection
EndGlobal
